
Microsoft Visual Studio Solution File, Format Version 12.00
# Visual Studio 14
VisualStudioVersion = 14.0.25420.1
MinimumVisualStudioVersion = 10.0.40219.1
Project("{2150E333-8FDC-42A3-9474-1A3956D46DE8}") = "Fetcher", "Fetcher", "{D090CFEA-22F2-4FB3-B283-FC1AD0248150}"
EndProject
Project("{FAE04EC0-301F-11D3-BF4B-00C04F79EFBC}") = "artm.MvxPlugins.Fetcher", "Fetcher\artm.MvxPlugins.Fetcher\artm.MvxPlugins.Fetcher.csproj", "{055BB318-A491-4CA5-8589-2F86CDF491AE}"
EndProject
Project("{FAE04EC0-301F-11D3-BF4B-00C04F79EFBC}") = "artm.MvxPlugins.Fetcher.Tests", "Fetcher\artm.MvxPlugins.Fetcher.Tests\artm.MvxPlugins.Fetcher.Tests.csproj", "{D56C5A05-F852-4511-8639-6C16847EFA8F}"
EndProject
Project("{2150E333-8FDC-42A3-9474-1A3956D46DE8}") = "Logger", "Logger", "{BA0B52C7-E446-4708-8E73-48D9FD0CAE0B}"
EndProject
Project("{FAE04EC0-301F-11D3-BF4B-00C04F79EFBC}") = "artm.MvxPlugins.Logger", "Logger\artm.MvxPlugins.Logger\artm.MvxPlugins.Logger.csproj", "{4A49A40B-3FC0-4D42-B04A-9D521C5CF860}"
EndProject
Project("{FAE04EC0-301F-11D3-BF4B-00C04F79EFBC}") = "artm.MvxPlugins.Logger.Droid", "Logger\artm.MvxPlugins.Logger.Droid\artm.MvxPlugins.Logger.Droid.csproj", "{32235D6A-4301-4D79-BB3D-24948A441972}"
EndProject
Project("{2150E333-8FDC-42A3-9474-1A3956D46DE8}") = "Dialog", "Dialog", "{3E79975C-FB77-4982-83AD-7D02422C7C78}"
EndProject
Project("{FAE04EC0-301F-11D3-BF4B-00C04F79EFBC}") = "artm.MvxPlugins.Dialog", "Dialog\artm.MvxPlugins.Dialog\artm.MvxPlugins.Dialog.csproj", "{A7AF8502-FC0B-441B-A3C8-4EECD9134E78}"
EndProject
Project("{FAE04EC0-301F-11D3-BF4B-00C04F79EFBC}") = "artm.MvxPlugins.Dialog.Droid", "Dialog\artm.MvxPlugins.Dialog.Droid\artm.MvxPlugins.Dialog.Droid.csproj", "{11D2EB81-68C8-4A07-B190-E8556BD540DE}"
EndProject
Project("{FAE04EC0-301F-11D3-BF4B-00C04F79EFBC}") = "Playground.Droid", "Playground.Droid\Playground.Droid.csproj", "{5342A292-7DCF-4E45-B229-A98580DC9ADA}"
EndProject
Project("{FAE04EC0-301F-11D3-BF4B-00C04F79EFBC}") = "Playground.Core", "Playground.Core\Playground.Core.csproj", "{D1F6DE12-6F9E-4A2D-9B2B-2FB87AAFFC1E}"
EndProject
Project("{FAE04EC0-301F-11D3-BF4B-00C04F79EFBC}") = "artm.MvxPlugins.Dialog.Touch", "Dialog\artm.MvxPlugins.Dialog.Touch\artm.MvxPlugins.Dialog.Touch.csproj", "{6646F0CD-3333-4A18-971B-F7DB088218C8}"
EndProject
Project("{FAE04EC0-301F-11D3-BF4B-00C04F79EFBC}") = "artm.MvxPlugins.Logger.Touch", "Logger\artm.MvxPlugins.Logger.Touch\artm.MvxPlugins.Logger.Touch.csproj", "{93270AF2-63EB-46BB-8698-3FBA09A2BC14}"
EndProject
Project("{FAE04EC0-301F-11D3-BF4B-00C04F79EFBC}") = "Playground.Touch", "Playground.Touch\Playground.Touch.csproj", "{0BC919D5-00FF-4CF5-B703-8A10B87B937B}"
EndProject
Project("{FAE04EC0-301F-11D3-BF4B-00C04F79EFBC}") = "artm.MvxPlugins.Dialog.Tests", "Dialog\artm.MvxPlugins.Dialog.Tests\artm.MvxPlugins.Dialog.Tests.csproj", "{29430913-A7A2-41D2-8E2B-7415D39A66FA}"
EndProject
Project("{2150E333-8FDC-42A3-9474-1A3956D46DE8}") = "Analytics", "Analytics", "{57DD9F7F-46A6-40A1-94D8-3AB783DE5C54}"
EndProject
Project("{FAE04EC0-301F-11D3-BF4B-00C04F79EFBC}") = "artm.MvxPlugins.Analytics", "Analytics\artm.MvxPlugins.Analytics\artm.MvxPlugins.Analytics.csproj", "{9DC8DABF-47A1-4A80-AEFB-D6EA2D47F5A1}"
EndProject
Project("{FAE04EC0-301F-11D3-BF4B-00C04F79EFBC}") = "artm.MvxPlugins.Analytics.Droid", "Analytics\artm.MvxPlugins.Analytics.Droid\artm.MvxPlugins.Analytics.Droid.csproj", "{E40DA869-FEE8-481C-A727-F1BA95C6ED80}"
EndProject
Project("{FAE04EC0-301F-11D3-BF4B-00C04F79EFBC}") = "artm.MvxPlugins.Analytics.Touch", "Analytics\artm.MvxPlugins.Analytics.Touch\artm.MvxPlugins.Analytics.Touch.csproj", "{337EE91D-C218-4036-AF60-F3449AC33FAF}"
EndProject
Global
	GlobalSection(SolutionConfigurationPlatforms) = preSolution
		Ad-Hoc|Any CPU = Ad-Hoc|Any CPU
		Ad-Hoc|iPhone = Ad-Hoc|iPhone
		Ad-Hoc|iPhoneSimulator = Ad-Hoc|iPhoneSimulator
		AppStore|Any CPU = AppStore|Any CPU
		AppStore|iPhone = AppStore|iPhone
		AppStore|iPhoneSimulator = AppStore|iPhoneSimulator
		Debug|Any CPU = Debug|Any CPU
		Debug|iPhone = Debug|iPhone
		Debug|iPhoneSimulator = Debug|iPhoneSimulator
		Release|Any CPU = Release|Any CPU
		Release|iPhone = Release|iPhone
		Release|iPhoneSimulator = Release|iPhoneSimulator
	EndGlobalSection
	GlobalSection(ProjectConfigurationPlatforms) = postSolution
		{055BB318-A491-4CA5-8589-2F86CDF491AE}.Ad-Hoc|Any CPU.ActiveCfg = Release|Any CPU
		{055BB318-A491-4CA5-8589-2F86CDF491AE}.Ad-Hoc|Any CPU.Build.0 = Release|Any CPU
		{055BB318-A491-4CA5-8589-2F86CDF491AE}.Ad-Hoc|iPhone.ActiveCfg = Release|Any CPU
		{055BB318-A491-4CA5-8589-2F86CDF491AE}.Ad-Hoc|iPhone.Build.0 = Release|Any CPU
		{055BB318-A491-4CA5-8589-2F86CDF491AE}.Ad-Hoc|iPhoneSimulator.ActiveCfg = Release|Any CPU
		{055BB318-A491-4CA5-8589-2F86CDF491AE}.Ad-Hoc|iPhoneSimulator.Build.0 = Release|Any CPU
		{055BB318-A491-4CA5-8589-2F86CDF491AE}.AppStore|Any CPU.ActiveCfg = Release|Any CPU
		{055BB318-A491-4CA5-8589-2F86CDF491AE}.AppStore|Any CPU.Build.0 = Release|Any CPU
		{055BB318-A491-4CA5-8589-2F86CDF491AE}.AppStore|iPhone.ActiveCfg = Release|Any CPU
		{055BB318-A491-4CA5-8589-2F86CDF491AE}.AppStore|iPhone.Build.0 = Release|Any CPU
		{055BB318-A491-4CA5-8589-2F86CDF491AE}.AppStore|iPhoneSimulator.ActiveCfg = Release|Any CPU
		{055BB318-A491-4CA5-8589-2F86CDF491AE}.AppStore|iPhoneSimulator.Build.0 = Release|Any CPU
		{055BB318-A491-4CA5-8589-2F86CDF491AE}.Debug|Any CPU.ActiveCfg = Debug|Any CPU
		{055BB318-A491-4CA5-8589-2F86CDF491AE}.Debug|Any CPU.Build.0 = Debug|Any CPU
		{055BB318-A491-4CA5-8589-2F86CDF491AE}.Debug|iPhone.ActiveCfg = Debug|Any CPU
		{055BB318-A491-4CA5-8589-2F86CDF491AE}.Debug|iPhone.Build.0 = Debug|Any CPU
		{055BB318-A491-4CA5-8589-2F86CDF491AE}.Debug|iPhoneSimulator.ActiveCfg = Debug|Any CPU
		{055BB318-A491-4CA5-8589-2F86CDF491AE}.Debug|iPhoneSimulator.Build.0 = Debug|Any CPU
		{055BB318-A491-4CA5-8589-2F86CDF491AE}.Release|Any CPU.ActiveCfg = Release|Any CPU
		{055BB318-A491-4CA5-8589-2F86CDF491AE}.Release|Any CPU.Build.0 = Release|Any CPU
		{055BB318-A491-4CA5-8589-2F86CDF491AE}.Release|iPhone.ActiveCfg = Release|Any CPU
		{055BB318-A491-4CA5-8589-2F86CDF491AE}.Release|iPhone.Build.0 = Release|Any CPU
		{055BB318-A491-4CA5-8589-2F86CDF491AE}.Release|iPhoneSimulator.ActiveCfg = Release|Any CPU
		{055BB318-A491-4CA5-8589-2F86CDF491AE}.Release|iPhoneSimulator.Build.0 = Release|Any CPU
		{D56C5A05-F852-4511-8639-6C16847EFA8F}.Ad-Hoc|Any CPU.ActiveCfg = Release|Any CPU
		{D56C5A05-F852-4511-8639-6C16847EFA8F}.Ad-Hoc|Any CPU.Build.0 = Release|Any CPU
		{D56C5A05-F852-4511-8639-6C16847EFA8F}.Ad-Hoc|iPhone.ActiveCfg = Release|Any CPU
		{D56C5A05-F852-4511-8639-6C16847EFA8F}.Ad-Hoc|iPhone.Build.0 = Release|Any CPU
		{D56C5A05-F852-4511-8639-6C16847EFA8F}.Ad-Hoc|iPhoneSimulator.ActiveCfg = Release|Any CPU
		{D56C5A05-F852-4511-8639-6C16847EFA8F}.Ad-Hoc|iPhoneSimulator.Build.0 = Release|Any CPU
		{D56C5A05-F852-4511-8639-6C16847EFA8F}.AppStore|Any CPU.ActiveCfg = Release|Any CPU
		{D56C5A05-F852-4511-8639-6C16847EFA8F}.AppStore|Any CPU.Build.0 = Release|Any CPU
		{D56C5A05-F852-4511-8639-6C16847EFA8F}.AppStore|iPhone.ActiveCfg = Release|Any CPU
		{D56C5A05-F852-4511-8639-6C16847EFA8F}.AppStore|iPhone.Build.0 = Release|Any CPU
		{D56C5A05-F852-4511-8639-6C16847EFA8F}.AppStore|iPhoneSimulator.ActiveCfg = Release|Any CPU
		{D56C5A05-F852-4511-8639-6C16847EFA8F}.AppStore|iPhoneSimulator.Build.0 = Release|Any CPU
		{D56C5A05-F852-4511-8639-6C16847EFA8F}.Debug|Any CPU.ActiveCfg = Debug|Any CPU
		{D56C5A05-F852-4511-8639-6C16847EFA8F}.Debug|Any CPU.Build.0 = Debug|Any CPU
		{D56C5A05-F852-4511-8639-6C16847EFA8F}.Debug|iPhone.ActiveCfg = Debug|Any CPU
		{D56C5A05-F852-4511-8639-6C16847EFA8F}.Debug|iPhone.Build.0 = Debug|Any CPU
		{D56C5A05-F852-4511-8639-6C16847EFA8F}.Debug|iPhoneSimulator.ActiveCfg = Debug|Any CPU
		{D56C5A05-F852-4511-8639-6C16847EFA8F}.Debug|iPhoneSimulator.Build.0 = Debug|Any CPU
		{D56C5A05-F852-4511-8639-6C16847EFA8F}.Release|Any CPU.ActiveCfg = Release|Any CPU
		{D56C5A05-F852-4511-8639-6C16847EFA8F}.Release|Any CPU.Build.0 = Release|Any CPU
		{D56C5A05-F852-4511-8639-6C16847EFA8F}.Release|iPhone.ActiveCfg = Release|Any CPU
		{D56C5A05-F852-4511-8639-6C16847EFA8F}.Release|iPhone.Build.0 = Release|Any CPU
		{D56C5A05-F852-4511-8639-6C16847EFA8F}.Release|iPhoneSimulator.ActiveCfg = Release|Any CPU
		{D56C5A05-F852-4511-8639-6C16847EFA8F}.Release|iPhoneSimulator.Build.0 = Release|Any CPU
		{4A49A40B-3FC0-4D42-B04A-9D521C5CF860}.Ad-Hoc|Any CPU.ActiveCfg = Release|Any CPU
		{4A49A40B-3FC0-4D42-B04A-9D521C5CF860}.Ad-Hoc|Any CPU.Build.0 = Release|Any CPU
		{4A49A40B-3FC0-4D42-B04A-9D521C5CF860}.Ad-Hoc|iPhone.ActiveCfg = Release|Any CPU
		{4A49A40B-3FC0-4D42-B04A-9D521C5CF860}.Ad-Hoc|iPhone.Build.0 = Release|Any CPU
		{4A49A40B-3FC0-4D42-B04A-9D521C5CF860}.Ad-Hoc|iPhoneSimulator.ActiveCfg = Release|Any CPU
		{4A49A40B-3FC0-4D42-B04A-9D521C5CF860}.Ad-Hoc|iPhoneSimulator.Build.0 = Release|Any CPU
		{4A49A40B-3FC0-4D42-B04A-9D521C5CF860}.AppStore|Any CPU.ActiveCfg = Release|Any CPU
		{4A49A40B-3FC0-4D42-B04A-9D521C5CF860}.AppStore|Any CPU.Build.0 = Release|Any CPU
		{4A49A40B-3FC0-4D42-B04A-9D521C5CF860}.AppStore|iPhone.ActiveCfg = Release|Any CPU
		{4A49A40B-3FC0-4D42-B04A-9D521C5CF860}.AppStore|iPhone.Build.0 = Release|Any CPU
		{4A49A40B-3FC0-4D42-B04A-9D521C5CF860}.AppStore|iPhoneSimulator.ActiveCfg = Release|Any CPU
		{4A49A40B-3FC0-4D42-B04A-9D521C5CF860}.AppStore|iPhoneSimulator.Build.0 = Release|Any CPU
		{4A49A40B-3FC0-4D42-B04A-9D521C5CF860}.Debug|Any CPU.ActiveCfg = Debug|Any CPU
		{4A49A40B-3FC0-4D42-B04A-9D521C5CF860}.Debug|Any CPU.Build.0 = Debug|Any CPU
		{4A49A40B-3FC0-4D42-B04A-9D521C5CF860}.Debug|iPhone.ActiveCfg = Debug|Any CPU
		{4A49A40B-3FC0-4D42-B04A-9D521C5CF860}.Debug|iPhone.Build.0 = Debug|Any CPU
		{4A49A40B-3FC0-4D42-B04A-9D521C5CF860}.Debug|iPhoneSimulator.ActiveCfg = Debug|Any CPU
		{4A49A40B-3FC0-4D42-B04A-9D521C5CF860}.Debug|iPhoneSimulator.Build.0 = Debug|Any CPU
		{4A49A40B-3FC0-4D42-B04A-9D521C5CF860}.Release|Any CPU.ActiveCfg = Release|Any CPU
		{4A49A40B-3FC0-4D42-B04A-9D521C5CF860}.Release|Any CPU.Build.0 = Release|Any CPU
		{4A49A40B-3FC0-4D42-B04A-9D521C5CF860}.Release|iPhone.ActiveCfg = Release|Any CPU
		{4A49A40B-3FC0-4D42-B04A-9D521C5CF860}.Release|iPhone.Build.0 = Release|Any CPU
		{4A49A40B-3FC0-4D42-B04A-9D521C5CF860}.Release|iPhoneSimulator.ActiveCfg = Release|Any CPU
		{4A49A40B-3FC0-4D42-B04A-9D521C5CF860}.Release|iPhoneSimulator.Build.0 = Release|Any CPU
		{32235D6A-4301-4D79-BB3D-24948A441972}.Ad-Hoc|Any CPU.ActiveCfg = Release|Any CPU
		{32235D6A-4301-4D79-BB3D-24948A441972}.Ad-Hoc|Any CPU.Build.0 = Release|Any CPU
		{32235D6A-4301-4D79-BB3D-24948A441972}.Ad-Hoc|Any CPU.Deploy.0 = Release|Any CPU
		{32235D6A-4301-4D79-BB3D-24948A441972}.Ad-Hoc|iPhone.ActiveCfg = Release|Any CPU
		{32235D6A-4301-4D79-BB3D-24948A441972}.Ad-Hoc|iPhone.Build.0 = Release|Any CPU
		{32235D6A-4301-4D79-BB3D-24948A441972}.Ad-Hoc|iPhone.Deploy.0 = Release|Any CPU
		{32235D6A-4301-4D79-BB3D-24948A441972}.Ad-Hoc|iPhoneSimulator.ActiveCfg = Release|Any CPU
		{32235D6A-4301-4D79-BB3D-24948A441972}.Ad-Hoc|iPhoneSimulator.Build.0 = Release|Any CPU
		{32235D6A-4301-4D79-BB3D-24948A441972}.Ad-Hoc|iPhoneSimulator.Deploy.0 = Release|Any CPU
		{32235D6A-4301-4D79-BB3D-24948A441972}.AppStore|Any CPU.ActiveCfg = Release|Any CPU
		{32235D6A-4301-4D79-BB3D-24948A441972}.AppStore|Any CPU.Build.0 = Release|Any CPU
		{32235D6A-4301-4D79-BB3D-24948A441972}.AppStore|Any CPU.Deploy.0 = Release|Any CPU
		{32235D6A-4301-4D79-BB3D-24948A441972}.AppStore|iPhone.ActiveCfg = Release|Any CPU
		{32235D6A-4301-4D79-BB3D-24948A441972}.AppStore|iPhone.Build.0 = Release|Any CPU
		{32235D6A-4301-4D79-BB3D-24948A441972}.AppStore|iPhone.Deploy.0 = Release|Any CPU
		{32235D6A-4301-4D79-BB3D-24948A441972}.AppStore|iPhoneSimulator.ActiveCfg = Release|Any CPU
		{32235D6A-4301-4D79-BB3D-24948A441972}.AppStore|iPhoneSimulator.Build.0 = Release|Any CPU
		{32235D6A-4301-4D79-BB3D-24948A441972}.AppStore|iPhoneSimulator.Deploy.0 = Release|Any CPU
		{32235D6A-4301-4D79-BB3D-24948A441972}.Debug|Any CPU.ActiveCfg = Debug|Any CPU
		{32235D6A-4301-4D79-BB3D-24948A441972}.Debug|Any CPU.Build.0 = Debug|Any CPU
		{32235D6A-4301-4D79-BB3D-24948A441972}.Debug|iPhone.ActiveCfg = Debug|Any CPU
		{32235D6A-4301-4D79-BB3D-24948A441972}.Debug|iPhone.Build.0 = Debug|Any CPU
		{32235D6A-4301-4D79-BB3D-24948A441972}.Debug|iPhone.Deploy.0 = Debug|Any CPU
		{32235D6A-4301-4D79-BB3D-24948A441972}.Debug|iPhoneSimulator.ActiveCfg = Debug|Any CPU
		{32235D6A-4301-4D79-BB3D-24948A441972}.Debug|iPhoneSimulator.Build.0 = Debug|Any CPU
		{32235D6A-4301-4D79-BB3D-24948A441972}.Debug|iPhoneSimulator.Deploy.0 = Debug|Any CPU
		{32235D6A-4301-4D79-BB3D-24948A441972}.Release|Any CPU.ActiveCfg = Release|Any CPU
		{32235D6A-4301-4D79-BB3D-24948A441972}.Release|Any CPU.Build.0 = Release|Any CPU
		{32235D6A-4301-4D79-BB3D-24948A441972}.Release|iPhone.ActiveCfg = Release|Any CPU
		{32235D6A-4301-4D79-BB3D-24948A441972}.Release|iPhone.Build.0 = Release|Any CPU
		{32235D6A-4301-4D79-BB3D-24948A441972}.Release|iPhone.Deploy.0 = Release|Any CPU
		{32235D6A-4301-4D79-BB3D-24948A441972}.Release|iPhoneSimulator.ActiveCfg = Release|Any CPU
		{32235D6A-4301-4D79-BB3D-24948A441972}.Release|iPhoneSimulator.Build.0 = Release|Any CPU
		{32235D6A-4301-4D79-BB3D-24948A441972}.Release|iPhoneSimulator.Deploy.0 = Release|Any CPU
		{A7AF8502-FC0B-441B-A3C8-4EECD9134E78}.Ad-Hoc|Any CPU.ActiveCfg = Release|Any CPU
		{A7AF8502-FC0B-441B-A3C8-4EECD9134E78}.Ad-Hoc|Any CPU.Build.0 = Release|Any CPU
		{A7AF8502-FC0B-441B-A3C8-4EECD9134E78}.Ad-Hoc|iPhone.ActiveCfg = Release|Any CPU
		{A7AF8502-FC0B-441B-A3C8-4EECD9134E78}.Ad-Hoc|iPhone.Build.0 = Release|Any CPU
		{A7AF8502-FC0B-441B-A3C8-4EECD9134E78}.Ad-Hoc|iPhoneSimulator.ActiveCfg = Release|Any CPU
		{A7AF8502-FC0B-441B-A3C8-4EECD9134E78}.Ad-Hoc|iPhoneSimulator.Build.0 = Release|Any CPU
		{A7AF8502-FC0B-441B-A3C8-4EECD9134E78}.AppStore|Any CPU.ActiveCfg = Release|Any CPU
		{A7AF8502-FC0B-441B-A3C8-4EECD9134E78}.AppStore|Any CPU.Build.0 = Release|Any CPU
		{A7AF8502-FC0B-441B-A3C8-4EECD9134E78}.AppStore|iPhone.ActiveCfg = Release|Any CPU
		{A7AF8502-FC0B-441B-A3C8-4EECD9134E78}.AppStore|iPhone.Build.0 = Release|Any CPU
		{A7AF8502-FC0B-441B-A3C8-4EECD9134E78}.AppStore|iPhoneSimulator.ActiveCfg = Release|Any CPU
		{A7AF8502-FC0B-441B-A3C8-4EECD9134E78}.AppStore|iPhoneSimulator.Build.0 = Release|Any CPU
		{A7AF8502-FC0B-441B-A3C8-4EECD9134E78}.Debug|Any CPU.ActiveCfg = Debug|Any CPU
		{A7AF8502-FC0B-441B-A3C8-4EECD9134E78}.Debug|Any CPU.Build.0 = Debug|Any CPU
		{A7AF8502-FC0B-441B-A3C8-4EECD9134E78}.Debug|iPhone.ActiveCfg = Debug|Any CPU
		{A7AF8502-FC0B-441B-A3C8-4EECD9134E78}.Debug|iPhone.Build.0 = Debug|Any CPU
		{A7AF8502-FC0B-441B-A3C8-4EECD9134E78}.Debug|iPhoneSimulator.ActiveCfg = Debug|Any CPU
		{A7AF8502-FC0B-441B-A3C8-4EECD9134E78}.Debug|iPhoneSimulator.Build.0 = Debug|Any CPU
		{A7AF8502-FC0B-441B-A3C8-4EECD9134E78}.Release|Any CPU.ActiveCfg = Release|Any CPU
		{A7AF8502-FC0B-441B-A3C8-4EECD9134E78}.Release|Any CPU.Build.0 = Release|Any CPU
		{A7AF8502-FC0B-441B-A3C8-4EECD9134E78}.Release|iPhone.ActiveCfg = Release|Any CPU
		{A7AF8502-FC0B-441B-A3C8-4EECD9134E78}.Release|iPhone.Build.0 = Release|Any CPU
		{A7AF8502-FC0B-441B-A3C8-4EECD9134E78}.Release|iPhoneSimulator.ActiveCfg = Release|Any CPU
		{A7AF8502-FC0B-441B-A3C8-4EECD9134E78}.Release|iPhoneSimulator.Build.0 = Release|Any CPU
		{11D2EB81-68C8-4A07-B190-E8556BD540DE}.Ad-Hoc|Any CPU.ActiveCfg = Release|Any CPU
		{11D2EB81-68C8-4A07-B190-E8556BD540DE}.Ad-Hoc|Any CPU.Build.0 = Release|Any CPU
		{11D2EB81-68C8-4A07-B190-E8556BD540DE}.Ad-Hoc|Any CPU.Deploy.0 = Release|Any CPU
		{11D2EB81-68C8-4A07-B190-E8556BD540DE}.Ad-Hoc|iPhone.ActiveCfg = Release|Any CPU
		{11D2EB81-68C8-4A07-B190-E8556BD540DE}.Ad-Hoc|iPhone.Build.0 = Release|Any CPU
		{11D2EB81-68C8-4A07-B190-E8556BD540DE}.Ad-Hoc|iPhone.Deploy.0 = Release|Any CPU
		{11D2EB81-68C8-4A07-B190-E8556BD540DE}.Ad-Hoc|iPhoneSimulator.ActiveCfg = Release|Any CPU
		{11D2EB81-68C8-4A07-B190-E8556BD540DE}.Ad-Hoc|iPhoneSimulator.Build.0 = Release|Any CPU
		{11D2EB81-68C8-4A07-B190-E8556BD540DE}.Ad-Hoc|iPhoneSimulator.Deploy.0 = Release|Any CPU
		{11D2EB81-68C8-4A07-B190-E8556BD540DE}.AppStore|Any CPU.ActiveCfg = Release|Any CPU
		{11D2EB81-68C8-4A07-B190-E8556BD540DE}.AppStore|Any CPU.Build.0 = Release|Any CPU
		{11D2EB81-68C8-4A07-B190-E8556BD540DE}.AppStore|Any CPU.Deploy.0 = Release|Any CPU
		{11D2EB81-68C8-4A07-B190-E8556BD540DE}.AppStore|iPhone.ActiveCfg = Release|Any CPU
		{11D2EB81-68C8-4A07-B190-E8556BD540DE}.AppStore|iPhone.Build.0 = Release|Any CPU
		{11D2EB81-68C8-4A07-B190-E8556BD540DE}.AppStore|iPhone.Deploy.0 = Release|Any CPU
		{11D2EB81-68C8-4A07-B190-E8556BD540DE}.AppStore|iPhoneSimulator.ActiveCfg = Release|Any CPU
		{11D2EB81-68C8-4A07-B190-E8556BD540DE}.AppStore|iPhoneSimulator.Build.0 = Release|Any CPU
		{11D2EB81-68C8-4A07-B190-E8556BD540DE}.AppStore|iPhoneSimulator.Deploy.0 = Release|Any CPU
		{11D2EB81-68C8-4A07-B190-E8556BD540DE}.Debug|Any CPU.ActiveCfg = Debug|Any CPU
		{11D2EB81-68C8-4A07-B190-E8556BD540DE}.Debug|Any CPU.Build.0 = Debug|Any CPU
		{11D2EB81-68C8-4A07-B190-E8556BD540DE}.Debug|Any CPU.Deploy.0 = Debug|Any CPU
		{11D2EB81-68C8-4A07-B190-E8556BD540DE}.Debug|iPhone.ActiveCfg = Debug|Any CPU
		{11D2EB81-68C8-4A07-B190-E8556BD540DE}.Debug|iPhone.Build.0 = Debug|Any CPU
		{11D2EB81-68C8-4A07-B190-E8556BD540DE}.Debug|iPhone.Deploy.0 = Debug|Any CPU
		{11D2EB81-68C8-4A07-B190-E8556BD540DE}.Debug|iPhoneSimulator.ActiveCfg = Debug|Any CPU
		{11D2EB81-68C8-4A07-B190-E8556BD540DE}.Debug|iPhoneSimulator.Build.0 = Debug|Any CPU
		{11D2EB81-68C8-4A07-B190-E8556BD540DE}.Debug|iPhoneSimulator.Deploy.0 = Debug|Any CPU
		{11D2EB81-68C8-4A07-B190-E8556BD540DE}.Release|Any CPU.ActiveCfg = Release|Any CPU
		{11D2EB81-68C8-4A07-B190-E8556BD540DE}.Release|Any CPU.Build.0 = Release|Any CPU
		{11D2EB81-68C8-4A07-B190-E8556BD540DE}.Release|Any CPU.Deploy.0 = Release|Any CPU
		{11D2EB81-68C8-4A07-B190-E8556BD540DE}.Release|iPhone.ActiveCfg = Release|Any CPU
		{11D2EB81-68C8-4A07-B190-E8556BD540DE}.Release|iPhone.Build.0 = Release|Any CPU
		{11D2EB81-68C8-4A07-B190-E8556BD540DE}.Release|iPhone.Deploy.0 = Release|Any CPU
		{11D2EB81-68C8-4A07-B190-E8556BD540DE}.Release|iPhoneSimulator.ActiveCfg = Release|Any CPU
		{11D2EB81-68C8-4A07-B190-E8556BD540DE}.Release|iPhoneSimulator.Build.0 = Release|Any CPU
		{11D2EB81-68C8-4A07-B190-E8556BD540DE}.Release|iPhoneSimulator.Deploy.0 = Release|Any CPU
		{5342A292-7DCF-4E45-B229-A98580DC9ADA}.Ad-Hoc|Any CPU.ActiveCfg = Release|Any CPU
		{5342A292-7DCF-4E45-B229-A98580DC9ADA}.Ad-Hoc|Any CPU.Build.0 = Release|Any CPU
		{5342A292-7DCF-4E45-B229-A98580DC9ADA}.Ad-Hoc|Any CPU.Deploy.0 = Release|Any CPU
		{5342A292-7DCF-4E45-B229-A98580DC9ADA}.Ad-Hoc|iPhone.ActiveCfg = Release|Any CPU
		{5342A292-7DCF-4E45-B229-A98580DC9ADA}.Ad-Hoc|iPhone.Build.0 = Release|Any CPU
		{5342A292-7DCF-4E45-B229-A98580DC9ADA}.Ad-Hoc|iPhone.Deploy.0 = Release|Any CPU
		{5342A292-7DCF-4E45-B229-A98580DC9ADA}.Ad-Hoc|iPhoneSimulator.ActiveCfg = Release|Any CPU
		{5342A292-7DCF-4E45-B229-A98580DC9ADA}.Ad-Hoc|iPhoneSimulator.Build.0 = Release|Any CPU
		{5342A292-7DCF-4E45-B229-A98580DC9ADA}.Ad-Hoc|iPhoneSimulator.Deploy.0 = Release|Any CPU
		{5342A292-7DCF-4E45-B229-A98580DC9ADA}.AppStore|Any CPU.ActiveCfg = Release|Any CPU
		{5342A292-7DCF-4E45-B229-A98580DC9ADA}.AppStore|Any CPU.Build.0 = Release|Any CPU
		{5342A292-7DCF-4E45-B229-A98580DC9ADA}.AppStore|Any CPU.Deploy.0 = Release|Any CPU
		{5342A292-7DCF-4E45-B229-A98580DC9ADA}.AppStore|iPhone.ActiveCfg = Release|Any CPU
		{5342A292-7DCF-4E45-B229-A98580DC9ADA}.AppStore|iPhone.Build.0 = Release|Any CPU
		{5342A292-7DCF-4E45-B229-A98580DC9ADA}.AppStore|iPhone.Deploy.0 = Release|Any CPU
		{5342A292-7DCF-4E45-B229-A98580DC9ADA}.AppStore|iPhoneSimulator.ActiveCfg = Release|Any CPU
		{5342A292-7DCF-4E45-B229-A98580DC9ADA}.AppStore|iPhoneSimulator.Build.0 = Release|Any CPU
		{5342A292-7DCF-4E45-B229-A98580DC9ADA}.AppStore|iPhoneSimulator.Deploy.0 = Release|Any CPU
		{5342A292-7DCF-4E45-B229-A98580DC9ADA}.Debug|Any CPU.ActiveCfg = Debug|Any CPU
		{5342A292-7DCF-4E45-B229-A98580DC9ADA}.Debug|Any CPU.Build.0 = Debug|Any CPU
		{5342A292-7DCF-4E45-B229-A98580DC9ADA}.Debug|Any CPU.Deploy.0 = Debug|Any CPU
		{5342A292-7DCF-4E45-B229-A98580DC9ADA}.Debug|iPhone.ActiveCfg = Debug|Any CPU
		{5342A292-7DCF-4E45-B229-A98580DC9ADA}.Debug|iPhone.Build.0 = Debug|Any CPU
		{5342A292-7DCF-4E45-B229-A98580DC9ADA}.Debug|iPhone.Deploy.0 = Debug|Any CPU
		{5342A292-7DCF-4E45-B229-A98580DC9ADA}.Debug|iPhoneSimulator.ActiveCfg = Debug|Any CPU
		{5342A292-7DCF-4E45-B229-A98580DC9ADA}.Debug|iPhoneSimulator.Build.0 = Debug|Any CPU
		{5342A292-7DCF-4E45-B229-A98580DC9ADA}.Debug|iPhoneSimulator.Deploy.0 = Debug|Any CPU
		{5342A292-7DCF-4E45-B229-A98580DC9ADA}.Release|Any CPU.ActiveCfg = Release|Any CPU
		{5342A292-7DCF-4E45-B229-A98580DC9ADA}.Release|iPhone.ActiveCfg = Release|Any CPU
		{5342A292-7DCF-4E45-B229-A98580DC9ADA}.Release|iPhoneSimulator.ActiveCfg = Release|Any CPU
		{D1F6DE12-6F9E-4A2D-9B2B-2FB87AAFFC1E}.Ad-Hoc|Any CPU.ActiveCfg = Release|Any CPU
		{D1F6DE12-6F9E-4A2D-9B2B-2FB87AAFFC1E}.Ad-Hoc|Any CPU.Build.0 = Release|Any CPU
		{D1F6DE12-6F9E-4A2D-9B2B-2FB87AAFFC1E}.Ad-Hoc|iPhone.ActiveCfg = Release|Any CPU
		{D1F6DE12-6F9E-4A2D-9B2B-2FB87AAFFC1E}.Ad-Hoc|iPhone.Build.0 = Release|Any CPU
		{D1F6DE12-6F9E-4A2D-9B2B-2FB87AAFFC1E}.Ad-Hoc|iPhoneSimulator.ActiveCfg = Release|Any CPU
		{D1F6DE12-6F9E-4A2D-9B2B-2FB87AAFFC1E}.Ad-Hoc|iPhoneSimulator.Build.0 = Release|Any CPU
		{D1F6DE12-6F9E-4A2D-9B2B-2FB87AAFFC1E}.AppStore|Any CPU.ActiveCfg = Release|Any CPU
		{D1F6DE12-6F9E-4A2D-9B2B-2FB87AAFFC1E}.AppStore|Any CPU.Build.0 = Release|Any CPU
		{D1F6DE12-6F9E-4A2D-9B2B-2FB87AAFFC1E}.AppStore|iPhone.ActiveCfg = Release|Any CPU
		{D1F6DE12-6F9E-4A2D-9B2B-2FB87AAFFC1E}.AppStore|iPhone.Build.0 = Release|Any CPU
		{D1F6DE12-6F9E-4A2D-9B2B-2FB87AAFFC1E}.AppStore|iPhoneSimulator.ActiveCfg = Release|Any CPU
		{D1F6DE12-6F9E-4A2D-9B2B-2FB87AAFFC1E}.AppStore|iPhoneSimulator.Build.0 = Release|Any CPU
		{D1F6DE12-6F9E-4A2D-9B2B-2FB87AAFFC1E}.Debug|Any CPU.ActiveCfg = Debug|Any CPU
		{D1F6DE12-6F9E-4A2D-9B2B-2FB87AAFFC1E}.Debug|Any CPU.Build.0 = Debug|Any CPU
		{D1F6DE12-6F9E-4A2D-9B2B-2FB87AAFFC1E}.Debug|iPhone.ActiveCfg = Debug|Any CPU
		{D1F6DE12-6F9E-4A2D-9B2B-2FB87AAFFC1E}.Debug|iPhone.Build.0 = Debug|Any CPU
		{D1F6DE12-6F9E-4A2D-9B2B-2FB87AAFFC1E}.Debug|iPhoneSimulator.ActiveCfg = Debug|Any CPU
		{D1F6DE12-6F9E-4A2D-9B2B-2FB87AAFFC1E}.Debug|iPhoneSimulator.Build.0 = Debug|Any CPU
		{D1F6DE12-6F9E-4A2D-9B2B-2FB87AAFFC1E}.Release|Any CPU.ActiveCfg = Release|Any CPU
		{D1F6DE12-6F9E-4A2D-9B2B-2FB87AAFFC1E}.Release|iPhone.ActiveCfg = Release|Any CPU
		{D1F6DE12-6F9E-4A2D-9B2B-2FB87AAFFC1E}.Release|iPhoneSimulator.ActiveCfg = Release|Any CPU
		{6646F0CD-3333-4A18-971B-F7DB088218C8}.Ad-Hoc|Any CPU.ActiveCfg = Release|Any CPU
		{6646F0CD-3333-4A18-971B-F7DB088218C8}.Ad-Hoc|Any CPU.Build.0 = Release|Any CPU
		{6646F0CD-3333-4A18-971B-F7DB088218C8}.Ad-Hoc|iPhone.ActiveCfg = Release|Any CPU
		{6646F0CD-3333-4A18-971B-F7DB088218C8}.Ad-Hoc|iPhone.Build.0 = Release|Any CPU
		{6646F0CD-3333-4A18-971B-F7DB088218C8}.Ad-Hoc|iPhoneSimulator.ActiveCfg = Release|Any CPU
		{6646F0CD-3333-4A18-971B-F7DB088218C8}.Ad-Hoc|iPhoneSimulator.Build.0 = Release|Any CPU
		{6646F0CD-3333-4A18-971B-F7DB088218C8}.AppStore|Any CPU.ActiveCfg = Release|Any CPU
		{6646F0CD-3333-4A18-971B-F7DB088218C8}.AppStore|Any CPU.Build.0 = Release|Any CPU
		{6646F0CD-3333-4A18-971B-F7DB088218C8}.AppStore|iPhone.ActiveCfg = Release|Any CPU
		{6646F0CD-3333-4A18-971B-F7DB088218C8}.AppStore|iPhone.Build.0 = Release|Any CPU
		{6646F0CD-3333-4A18-971B-F7DB088218C8}.AppStore|iPhoneSimulator.ActiveCfg = Release|Any CPU
		{6646F0CD-3333-4A18-971B-F7DB088218C8}.AppStore|iPhoneSimulator.Build.0 = Release|Any CPU
		{6646F0CD-3333-4A18-971B-F7DB088218C8}.Debug|Any CPU.ActiveCfg = Debug|Any CPU
		{6646F0CD-3333-4A18-971B-F7DB088218C8}.Debug|Any CPU.Build.0 = Debug|Any CPU
		{6646F0CD-3333-4A18-971B-F7DB088218C8}.Debug|iPhone.ActiveCfg = Debug|Any CPU
		{6646F0CD-3333-4A18-971B-F7DB088218C8}.Debug|iPhone.Build.0 = Debug|Any CPU
		{6646F0CD-3333-4A18-971B-F7DB088218C8}.Debug|iPhoneSimulator.ActiveCfg = Debug|Any CPU
		{6646F0CD-3333-4A18-971B-F7DB088218C8}.Debug|iPhoneSimulator.Build.0 = Debug|Any CPU
		{6646F0CD-3333-4A18-971B-F7DB088218C8}.Release|Any CPU.ActiveCfg = Release|Any CPU
		{6646F0CD-3333-4A18-971B-F7DB088218C8}.Release|Any CPU.Build.0 = Release|Any CPU
		{6646F0CD-3333-4A18-971B-F7DB088218C8}.Release|iPhone.ActiveCfg = Release|Any CPU
		{6646F0CD-3333-4A18-971B-F7DB088218C8}.Release|iPhone.Build.0 = Release|Any CPU
		{6646F0CD-3333-4A18-971B-F7DB088218C8}.Release|iPhoneSimulator.ActiveCfg = Release|Any CPU
		{6646F0CD-3333-4A18-971B-F7DB088218C8}.Release|iPhoneSimulator.Build.0 = Release|Any CPU
		{93270AF2-63EB-46BB-8698-3FBA09A2BC14}.Ad-Hoc|Any CPU.ActiveCfg = Release|Any CPU
		{93270AF2-63EB-46BB-8698-3FBA09A2BC14}.Ad-Hoc|Any CPU.Build.0 = Release|Any CPU
		{93270AF2-63EB-46BB-8698-3FBA09A2BC14}.Ad-Hoc|iPhone.ActiveCfg = Release|Any CPU
		{93270AF2-63EB-46BB-8698-3FBA09A2BC14}.Ad-Hoc|iPhone.Build.0 = Release|Any CPU
		{93270AF2-63EB-46BB-8698-3FBA09A2BC14}.Ad-Hoc|iPhoneSimulator.ActiveCfg = Release|Any CPU
		{93270AF2-63EB-46BB-8698-3FBA09A2BC14}.Ad-Hoc|iPhoneSimulator.Build.0 = Release|Any CPU
		{93270AF2-63EB-46BB-8698-3FBA09A2BC14}.AppStore|Any CPU.ActiveCfg = Release|Any CPU
		{93270AF2-63EB-46BB-8698-3FBA09A2BC14}.AppStore|Any CPU.Build.0 = Release|Any CPU
		{93270AF2-63EB-46BB-8698-3FBA09A2BC14}.AppStore|iPhone.ActiveCfg = Release|Any CPU
		{93270AF2-63EB-46BB-8698-3FBA09A2BC14}.AppStore|iPhone.Build.0 = Release|Any CPU
		{93270AF2-63EB-46BB-8698-3FBA09A2BC14}.AppStore|iPhoneSimulator.ActiveCfg = Release|Any CPU
		{93270AF2-63EB-46BB-8698-3FBA09A2BC14}.AppStore|iPhoneSimulator.Build.0 = Release|Any CPU
		{93270AF2-63EB-46BB-8698-3FBA09A2BC14}.Debug|Any CPU.ActiveCfg = Debug|Any CPU
		{93270AF2-63EB-46BB-8698-3FBA09A2BC14}.Debug|Any CPU.Build.0 = Debug|Any CPU
		{93270AF2-63EB-46BB-8698-3FBA09A2BC14}.Debug|iPhone.ActiveCfg = Debug|Any CPU
		{93270AF2-63EB-46BB-8698-3FBA09A2BC14}.Debug|iPhone.Build.0 = Debug|Any CPU
		{93270AF2-63EB-46BB-8698-3FBA09A2BC14}.Debug|iPhoneSimulator.ActiveCfg = Debug|Any CPU
		{93270AF2-63EB-46BB-8698-3FBA09A2BC14}.Debug|iPhoneSimulator.Build.0 = Debug|Any CPU
		{93270AF2-63EB-46BB-8698-3FBA09A2BC14}.Release|Any CPU.ActiveCfg = Release|Any CPU
		{93270AF2-63EB-46BB-8698-3FBA09A2BC14}.Release|Any CPU.Build.0 = Release|Any CPU
		{93270AF2-63EB-46BB-8698-3FBA09A2BC14}.Release|iPhone.ActiveCfg = Release|Any CPU
		{93270AF2-63EB-46BB-8698-3FBA09A2BC14}.Release|iPhone.Build.0 = Release|Any CPU
		{93270AF2-63EB-46BB-8698-3FBA09A2BC14}.Release|iPhoneSimulator.ActiveCfg = Release|Any CPU
		{93270AF2-63EB-46BB-8698-3FBA09A2BC14}.Release|iPhoneSimulator.Build.0 = Release|Any CPU
		{0BC919D5-00FF-4CF5-B703-8A10B87B937B}.Ad-Hoc|Any CPU.ActiveCfg = Ad-Hoc|iPhone
		{0BC919D5-00FF-4CF5-B703-8A10B87B937B}.Ad-Hoc|iPhone.ActiveCfg = Ad-Hoc|iPhone
		{0BC919D5-00FF-4CF5-B703-8A10B87B937B}.Ad-Hoc|iPhone.Build.0 = Ad-Hoc|iPhone
		{0BC919D5-00FF-4CF5-B703-8A10B87B937B}.Ad-Hoc|iPhoneSimulator.ActiveCfg = Ad-Hoc|iPhoneSimulator
		{0BC919D5-00FF-4CF5-B703-8A10B87B937B}.Ad-Hoc|iPhoneSimulator.Build.0 = Ad-Hoc|iPhoneSimulator
		{0BC919D5-00FF-4CF5-B703-8A10B87B937B}.AppStore|Any CPU.ActiveCfg = AppStore|iPhone
		{0BC919D5-00FF-4CF5-B703-8A10B87B937B}.AppStore|iPhone.ActiveCfg = AppStore|iPhone
		{0BC919D5-00FF-4CF5-B703-8A10B87B937B}.AppStore|iPhone.Build.0 = AppStore|iPhone
		{0BC919D5-00FF-4CF5-B703-8A10B87B937B}.AppStore|iPhoneSimulator.ActiveCfg = AppStore|iPhoneSimulator
		{0BC919D5-00FF-4CF5-B703-8A10B87B937B}.AppStore|iPhoneSimulator.Build.0 = AppStore|iPhoneSimulator
		{0BC919D5-00FF-4CF5-B703-8A10B87B937B}.Debug|Any CPU.ActiveCfg = Debug|iPhone
		{0BC919D5-00FF-4CF5-B703-8A10B87B937B}.Debug|iPhone.ActiveCfg = Debug|iPhone
		{0BC919D5-00FF-4CF5-B703-8A10B87B937B}.Debug|iPhone.Build.0 = Debug|iPhone
		{0BC919D5-00FF-4CF5-B703-8A10B87B937B}.Debug|iPhoneSimulator.ActiveCfg = Debug|iPhoneSimulator
		{0BC919D5-00FF-4CF5-B703-8A10B87B937B}.Debug|iPhoneSimulator.Build.0 = Debug|iPhoneSimulator
		{0BC919D5-00FF-4CF5-B703-8A10B87B937B}.Release|Any CPU.ActiveCfg = Release|iPhone
		{0BC919D5-00FF-4CF5-B703-8A10B87B937B}.Release|iPhone.ActiveCfg = Release|iPhone
		{0BC919D5-00FF-4CF5-B703-8A10B87B937B}.Release|iPhoneSimulator.ActiveCfg = Release|iPhoneSimulator
		{29430913-A7A2-41D2-8E2B-7415D39A66FA}.Ad-Hoc|Any CPU.ActiveCfg = Release|Any CPU
		{29430913-A7A2-41D2-8E2B-7415D39A66FA}.Ad-Hoc|Any CPU.Build.0 = Release|Any CPU
		{29430913-A7A2-41D2-8E2B-7415D39A66FA}.Ad-Hoc|iPhone.ActiveCfg = Release|Any CPU
		{29430913-A7A2-41D2-8E2B-7415D39A66FA}.Ad-Hoc|iPhone.Build.0 = Release|Any CPU
		{29430913-A7A2-41D2-8E2B-7415D39A66FA}.Ad-Hoc|iPhoneSimulator.ActiveCfg = Release|Any CPU
		{29430913-A7A2-41D2-8E2B-7415D39A66FA}.Ad-Hoc|iPhoneSimulator.Build.0 = Release|Any CPU
		{29430913-A7A2-41D2-8E2B-7415D39A66FA}.AppStore|Any CPU.ActiveCfg = Release|Any CPU
		{29430913-A7A2-41D2-8E2B-7415D39A66FA}.AppStore|Any CPU.Build.0 = Release|Any CPU
		{29430913-A7A2-41D2-8E2B-7415D39A66FA}.AppStore|iPhone.ActiveCfg = Release|Any CPU
		{29430913-A7A2-41D2-8E2B-7415D39A66FA}.AppStore|iPhone.Build.0 = Release|Any CPU
		{29430913-A7A2-41D2-8E2B-7415D39A66FA}.AppStore|iPhoneSimulator.ActiveCfg = Release|Any CPU
		{29430913-A7A2-41D2-8E2B-7415D39A66FA}.AppStore|iPhoneSimulator.Build.0 = Release|Any CPU
		{29430913-A7A2-41D2-8E2B-7415D39A66FA}.Debug|Any CPU.ActiveCfg = Debug|Any CPU
		{29430913-A7A2-41D2-8E2B-7415D39A66FA}.Debug|Any CPU.Build.0 = Debug|Any CPU
		{29430913-A7A2-41D2-8E2B-7415D39A66FA}.Debug|iPhone.ActiveCfg = Debug|Any CPU
		{29430913-A7A2-41D2-8E2B-7415D39A66FA}.Debug|iPhone.Build.0 = Debug|Any CPU
		{29430913-A7A2-41D2-8E2B-7415D39A66FA}.Debug|iPhoneSimulator.ActiveCfg = Debug|Any CPU
		{29430913-A7A2-41D2-8E2B-7415D39A66FA}.Debug|iPhoneSimulator.Build.0 = Debug|Any CPU
		{29430913-A7A2-41D2-8E2B-7415D39A66FA}.Release|Any CPU.ActiveCfg = Release|Any CPU
		{29430913-A7A2-41D2-8E2B-7415D39A66FA}.Release|Any CPU.Build.0 = Release|Any CPU
		{29430913-A7A2-41D2-8E2B-7415D39A66FA}.Release|iPhone.ActiveCfg = Release|Any CPU
		{29430913-A7A2-41D2-8E2B-7415D39A66FA}.Release|iPhone.Build.0 = Release|Any CPU
		{29430913-A7A2-41D2-8E2B-7415D39A66FA}.Release|iPhoneSimulator.ActiveCfg = Release|Any CPU
		{29430913-A7A2-41D2-8E2B-7415D39A66FA}.Release|iPhoneSimulator.Build.0 = Release|Any CPU
		{9DC8DABF-47A1-4A80-AEFB-D6EA2D47F5A1}.Ad-Hoc|Any CPU.ActiveCfg = Release|Any CPU
		{9DC8DABF-47A1-4A80-AEFB-D6EA2D47F5A1}.Ad-Hoc|Any CPU.Build.0 = Release|Any CPU
		{9DC8DABF-47A1-4A80-AEFB-D6EA2D47F5A1}.Ad-Hoc|iPhone.ActiveCfg = Release|Any CPU
		{9DC8DABF-47A1-4A80-AEFB-D6EA2D47F5A1}.Ad-Hoc|iPhone.Build.0 = Release|Any CPU
		{9DC8DABF-47A1-4A80-AEFB-D6EA2D47F5A1}.Ad-Hoc|iPhoneSimulator.ActiveCfg = Release|Any CPU
		{9DC8DABF-47A1-4A80-AEFB-D6EA2D47F5A1}.Ad-Hoc|iPhoneSimulator.Build.0 = Release|Any CPU
		{9DC8DABF-47A1-4A80-AEFB-D6EA2D47F5A1}.AppStore|Any CPU.ActiveCfg = Release|Any CPU
		{9DC8DABF-47A1-4A80-AEFB-D6EA2D47F5A1}.AppStore|Any CPU.Build.0 = Release|Any CPU
		{9DC8DABF-47A1-4A80-AEFB-D6EA2D47F5A1}.AppStore|iPhone.ActiveCfg = Release|Any CPU
		{9DC8DABF-47A1-4A80-AEFB-D6EA2D47F5A1}.AppStore|iPhone.Build.0 = Release|Any CPU
		{9DC8DABF-47A1-4A80-AEFB-D6EA2D47F5A1}.AppStore|iPhoneSimulator.ActiveCfg = Release|Any CPU
		{9DC8DABF-47A1-4A80-AEFB-D6EA2D47F5A1}.AppStore|iPhoneSimulator.Build.0 = Release|Any CPU
		{9DC8DABF-47A1-4A80-AEFB-D6EA2D47F5A1}.Debug|Any CPU.ActiveCfg = Debug|Any CPU
		{9DC8DABF-47A1-4A80-AEFB-D6EA2D47F5A1}.Debug|Any CPU.Build.0 = Debug|Any CPU
		{9DC8DABF-47A1-4A80-AEFB-D6EA2D47F5A1}.Debug|iPhone.ActiveCfg = Debug|Any CPU
		{9DC8DABF-47A1-4A80-AEFB-D6EA2D47F5A1}.Debug|iPhone.Build.0 = Debug|Any CPU
		{9DC8DABF-47A1-4A80-AEFB-D6EA2D47F5A1}.Debug|iPhoneSimulator.ActiveCfg = Debug|Any CPU
		{9DC8DABF-47A1-4A80-AEFB-D6EA2D47F5A1}.Debug|iPhoneSimulator.Build.0 = Debug|Any CPU
		{9DC8DABF-47A1-4A80-AEFB-D6EA2D47F5A1}.Release|Any CPU.ActiveCfg = Release|Any CPU
		{9DC8DABF-47A1-4A80-AEFB-D6EA2D47F5A1}.Release|Any CPU.Build.0 = Release|Any CPU
		{9DC8DABF-47A1-4A80-AEFB-D6EA2D47F5A1}.Release|iPhone.ActiveCfg = Release|Any CPU
		{9DC8DABF-47A1-4A80-AEFB-D6EA2D47F5A1}.Release|iPhone.Build.0 = Release|Any CPU
		{9DC8DABF-47A1-4A80-AEFB-D6EA2D47F5A1}.Release|iPhoneSimulator.ActiveCfg = Release|Any CPU
		{9DC8DABF-47A1-4A80-AEFB-D6EA2D47F5A1}.Release|iPhoneSimulator.Build.0 = Release|Any CPU
		{E40DA869-FEE8-481C-A727-F1BA95C6ED80}.Ad-Hoc|Any CPU.ActiveCfg = Release|Any CPU
		{E40DA869-FEE8-481C-A727-F1BA95C6ED80}.Ad-Hoc|Any CPU.Build.0 = Release|Any CPU
		{E40DA869-FEE8-481C-A727-F1BA95C6ED80}.Ad-Hoc|iPhone.ActiveCfg = Release|Any CPU
		{E40DA869-FEE8-481C-A727-F1BA95C6ED80}.Ad-Hoc|iPhone.Build.0 = Release|Any CPU
		{E40DA869-FEE8-481C-A727-F1BA95C6ED80}.Ad-Hoc|iPhoneSimulator.ActiveCfg = Release|Any CPU
		{E40DA869-FEE8-481C-A727-F1BA95C6ED80}.Ad-Hoc|iPhoneSimulator.Build.0 = Release|Any CPU
		{E40DA869-FEE8-481C-A727-F1BA95C6ED80}.AppStore|Any CPU.ActiveCfg = Release|Any CPU
		{E40DA869-FEE8-481C-A727-F1BA95C6ED80}.AppStore|Any CPU.Build.0 = Release|Any CPU
		{E40DA869-FEE8-481C-A727-F1BA95C6ED80}.AppStore|iPhone.ActiveCfg = Release|Any CPU
		{E40DA869-FEE8-481C-A727-F1BA95C6ED80}.AppStore|iPhone.Build.0 = Release|Any CPU
		{E40DA869-FEE8-481C-A727-F1BA95C6ED80}.AppStore|iPhoneSimulator.ActiveCfg = Release|Any CPU
		{E40DA869-FEE8-481C-A727-F1BA95C6ED80}.AppStore|iPhoneSimulator.Build.0 = Release|Any CPU
		{E40DA869-FEE8-481C-A727-F1BA95C6ED80}.Debug|Any CPU.ActiveCfg = Debug|Any CPU
		{E40DA869-FEE8-481C-A727-F1BA95C6ED80}.Debug|Any CPU.Build.0 = Debug|Any CPU
		{E40DA869-FEE8-481C-A727-F1BA95C6ED80}.Debug|iPhone.ActiveCfg = Debug|Any CPU
		{E40DA869-FEE8-481C-A727-F1BA95C6ED80}.Debug|iPhone.Build.0 = Debug|Any CPU
		{E40DA869-FEE8-481C-A727-F1BA95C6ED80}.Debug|iPhoneSimulator.ActiveCfg = Debug|Any CPU
		{E40DA869-FEE8-481C-A727-F1BA95C6ED80}.Debug|iPhoneSimulator.Build.0 = Debug|Any CPU
		{E40DA869-FEE8-481C-A727-F1BA95C6ED80}.Release|Any CPU.ActiveCfg = Release|Any CPU
		{E40DA869-FEE8-481C-A727-F1BA95C6ED80}.Release|Any CPU.Build.0 = Release|Any CPU
		{E40DA869-FEE8-481C-A727-F1BA95C6ED80}.Release|iPhone.ActiveCfg = Release|Any CPU
		{E40DA869-FEE8-481C-A727-F1BA95C6ED80}.Release|iPhone.Build.0 = Release|Any CPU
		{E40DA869-FEE8-481C-A727-F1BA95C6ED80}.Release|iPhoneSimulator.ActiveCfg = Release|Any CPU
		{E40DA869-FEE8-481C-A727-F1BA95C6ED80}.Release|iPhoneSimulator.Build.0 = Release|Any CPU
		{337EE91D-C218-4036-AF60-F3449AC33FAF}.Ad-Hoc|Any CPU.ActiveCfg = Release|Any CPU
		{337EE91D-C218-4036-AF60-F3449AC33FAF}.Ad-Hoc|Any CPU.Build.0 = Release|Any CPU
		{337EE91D-C218-4036-AF60-F3449AC33FAF}.Ad-Hoc|iPhone.ActiveCfg = Release|Any CPU
		{337EE91D-C218-4036-AF60-F3449AC33FAF}.Ad-Hoc|iPhone.Build.0 = Release|Any CPU
		{337EE91D-C218-4036-AF60-F3449AC33FAF}.Ad-Hoc|iPhoneSimulator.ActiveCfg = Release|Any CPU
		{337EE91D-C218-4036-AF60-F3449AC33FAF}.Ad-Hoc|iPhoneSimulator.Build.0 = Release|Any CPU
		{337EE91D-C218-4036-AF60-F3449AC33FAF}.AppStore|Any CPU.ActiveCfg = Release|Any CPU
		{337EE91D-C218-4036-AF60-F3449AC33FAF}.AppStore|Any CPU.Build.0 = Release|Any CPU
		{337EE91D-C218-4036-AF60-F3449AC33FAF}.AppStore|iPhone.ActiveCfg = Release|Any CPU
		{337EE91D-C218-4036-AF60-F3449AC33FAF}.AppStore|iPhone.Build.0 = Release|Any CPU
		{337EE91D-C218-4036-AF60-F3449AC33FAF}.AppStore|iPhoneSimulator.ActiveCfg = Release|Any CPU
		{337EE91D-C218-4036-AF60-F3449AC33FAF}.AppStore|iPhoneSimulator.Build.0 = Release|Any CPU
		{337EE91D-C218-4036-AF60-F3449AC33FAF}.Debug|Any CPU.ActiveCfg = Debug|Any CPU
		{337EE91D-C218-4036-AF60-F3449AC33FAF}.Debug|Any CPU.Build.0 = Debug|Any CPU
		{337EE91D-C218-4036-AF60-F3449AC33FAF}.Debug|iPhone.ActiveCfg = Debug|Any CPU
		{337EE91D-C218-4036-AF60-F3449AC33FAF}.Debug|iPhone.Build.0 = Debug|Any CPU
		{337EE91D-C218-4036-AF60-F3449AC33FAF}.Debug|iPhoneSimulator.ActiveCfg = Debug|Any CPU
		{337EE91D-C218-4036-AF60-F3449AC33FAF}.Debug|iPhoneSimulator.Build.0 = Debug|Any CPU
		{337EE91D-C218-4036-AF60-F3449AC33FAF}.Release|Any CPU.ActiveCfg = Release|Any CPU
		{337EE91D-C218-4036-AF60-F3449AC33FAF}.Release|Any CPU.Build.0 = Release|Any CPU
		{337EE91D-C218-4036-AF60-F3449AC33FAF}.Release|iPhone.ActiveCfg = Release|Any CPU
		{337EE91D-C218-4036-AF60-F3449AC33FAF}.Release|iPhone.Build.0 = Release|Any CPU
		{337EE91D-C218-4036-AF60-F3449AC33FAF}.Release|iPhoneSimulator.ActiveCfg = Release|Any CPU
		{337EE91D-C218-4036-AF60-F3449AC33FAF}.Release|iPhoneSimulator.Build.0 = Release|Any CPU
	EndGlobalSection
	GlobalSection(SolutionProperties) = preSolution
		HideSolutionNode = FALSE
	EndGlobalSection
	GlobalSection(NestedProjects) = preSolution
		{055BB318-A491-4CA5-8589-2F86CDF491AE} = {D090CFEA-22F2-4FB3-B283-FC1AD0248150}
		{D56C5A05-F852-4511-8639-6C16847EFA8F} = {D090CFEA-22F2-4FB3-B283-FC1AD0248150}
		{4A49A40B-3FC0-4D42-B04A-9D521C5CF860} = {BA0B52C7-E446-4708-8E73-48D9FD0CAE0B}
		{32235D6A-4301-4D79-BB3D-24948A441972} = {BA0B52C7-E446-4708-8E73-48D9FD0CAE0B}
		{A7AF8502-FC0B-441B-A3C8-4EECD9134E78} = {3E79975C-FB77-4982-83AD-7D02422C7C78}
		{11D2EB81-68C8-4A07-B190-E8556BD540DE} = {3E79975C-FB77-4982-83AD-7D02422C7C78}
		{6646F0CD-3333-4A18-971B-F7DB088218C8} = {3E79975C-FB77-4982-83AD-7D02422C7C78}
		{93270AF2-63EB-46BB-8698-3FBA09A2BC14} = {BA0B52C7-E446-4708-8E73-48D9FD0CAE0B}
		{29430913-A7A2-41D2-8E2B-7415D39A66FA} = {3E79975C-FB77-4982-83AD-7D02422C7C78}
		{9DC8DABF-47A1-4A80-AEFB-D6EA2D47F5A1} = {57DD9F7F-46A6-40A1-94D8-3AB783DE5C54}
		{E40DA869-FEE8-481C-A727-F1BA95C6ED80} = {57DD9F7F-46A6-40A1-94D8-3AB783DE5C54}
		{337EE91D-C218-4036-AF60-F3449AC33FAF} = {57DD9F7F-46A6-40A1-94D8-3AB783DE5C54}
	EndGlobalSection
EndGlobal
